// !$*UTF8*$!
{
	archiveVersion = 1;
	classes = {
	};
	objectVersion = 56;
	objects = {

/* Begin PBXBuildFile section */
		A71DE36D2BD2EC27009361A7 /* Models.swift in Sources */ = {isa = PBXBuildFile; fileRef = A71DE36C2BD2EC27009361A7 /* Models.swift */; };
		A71DE3712BD2F13D009361A7 /* XMLParser.swift in Sources */ = {isa = PBXBuildFile; fileRef = A71DE3702BD2F13D009361A7 /* XMLParser.swift */; };
		A7D62DFD2BE01EC100A1117A /* itemChildren.swift in Sources */ = {isa = PBXBuildFile; fileRef = A7D62DFC2BE01EC100A1117A /* itemChildren.swift */; };
		A7D62E002BE0222700A1117A /* itemMetadata.swift in Sources */ = {isa = PBXBuildFile; fileRef = A7D62DFF2BE0222700A1117A /* itemMetadata.swift */; };
		A7D62E022BE023CF00A1117A /* Metadata.swift in Sources */ = {isa = PBXBuildFile; fileRef = A7D62E012BE023CF00A1117A /* Metadata.swift */; };
		A7D62E042BE028B000A1117A /* AudioManager.swift in Sources */ = {isa = PBXBuildFile; fileRef = A7D62E032BE028B000A1117A /* AudioManager.swift */; };
		A7D62E062BE029CC00A1117A /* Media.swift in Sources */ = {isa = PBXBuildFile; fileRef = A7D62E052BE029CC00A1117A /* Media.swift */; };
		A7F356DC2BD2E3C40078890A /* plex_music Watch App.app in Embed Watch Content */ = {isa = PBXBuildFile; fileRef = A7F356DB2BD2E3C40078890A /* plex_music Watch App.app */; settings = {ATTRIBUTES = (RemoveHeadersOnCopy, ); }; };
		A7F356E12BD2E3C40078890A /* plex_musicApp.swift in Sources */ = {isa = PBXBuildFile; fileRef = A7F356E02BD2E3C40078890A /* plex_musicApp.swift */; };
		A7F356E32BD2E3C40078890A /* ContentView.swift in Sources */ = {isa = PBXBuildFile; fileRef = A7F356E22BD2E3C40078890A /* ContentView.swift */; };
		A7F356E52BD2E3C70078890A /* Assets.xcassets in Resources */ = {isa = PBXBuildFile; fileRef = A7F356E42BD2E3C70078890A /* Assets.xcassets */; };
		A7F356E82BD2E3C70078890A /* Preview Assets.xcassets in Resources */ = {isa = PBXBuildFile; fileRef = A7F356E72BD2E3C70078890A /* Preview Assets.xcassets */; };
		A7F356FD2BD2E6430078890A /* NetworkManager.swift in Sources */ = {isa = PBXBuildFile; fileRef = A7F356FC2BD2E6430078890A /* NetworkManager.swift */; };
/* End PBXBuildFile section */

/* Begin PBXContainerItemProxy section */
		A7F356DD2BD2E3C40078890A /* PBXContainerItemProxy */ = {
			isa = PBXContainerItemProxy;
			containerPortal = A7F356CF2BD2E3C30078890A /* Project object */;
			proxyType = 1;
			remoteGlobalIDString = A7F356DA2BD2E3C40078890A;
			remoteInfo = "plex_music Watch App";
		};
/* End PBXContainerItemProxy section */

/* Begin PBXCopyFilesBuildPhase section */
		A7F356EE2BD2E3C70078890A /* Embed Watch Content */ = {
			isa = PBXCopyFilesBuildPhase;
			buildActionMask = 2147483647;
			dstPath = "$(CONTENTS_FOLDER_PATH)/Watch";
			dstSubfolderSpec = 16;
			files = (
				A7F356DC2BD2E3C40078890A /* plex_music Watch App.app in Embed Watch Content */,
			);
			name = "Embed Watch Content";
			runOnlyForDeploymentPostprocessing = 0;
		};
/* End PBXCopyFilesBuildPhase section */

/* Begin PBXFileReference section */
		A71DE36C2BD2EC27009361A7 /* Models.swift */ = {isa = PBXFileReference; lastKnownFileType = sourcecode.swift; path = Models.swift; sourceTree = "<group>"; };
		A71DE3702BD2F13D009361A7 /* XMLParser.swift */ = {isa = PBXFileReference; lastKnownFileType = sourcecode.swift; path = XMLParser.swift; sourceTree = "<group>"; };
		A7D5184C2BD7ED7A006A782D /* plex-music-Watch-App-Info.plist */ = {isa = PBXFileReference; lastKnownFileType = text.plist; path = "plex-music-Watch-App-Info.plist"; sourceTree = SOURCE_ROOT; };
		A7D62DFC2BE01EC100A1117A /* itemChildren.swift */ = {isa = PBXFileReference; lastKnownFileType = sourcecode.swift; path = itemChildren.swift; sourceTree = "<group>"; };
		A7D62DFF2BE0222700A1117A /* itemMetadata.swift */ = {isa = PBXFileReference; lastKnownFileType = sourcecode.swift; path = itemMetadata.swift; sourceTree = "<group>"; };
		A7D62E012BE023CF00A1117A /* Metadata.swift */ = {isa = PBXFileReference; lastKnownFileType = sourcecode.swift; path = Metadata.swift; sourceTree = "<group>"; };
		A7D62E032BE028B000A1117A /* AudioManager.swift */ = {isa = PBXFileReference; lastKnownFileType = sourcecode.swift; path = AudioManager.swift; sourceTree = "<group>"; };
		A7D62E052BE029CC00A1117A /* Media.swift */ = {isa = PBXFileReference; lastKnownFileType = sourcecode.swift; path = Media.swift; sourceTree = "<group>"; };
		A7F356D52BD2E3C40078890A /* plex_music.app */ = {isa = PBXFileReference; explicitFileType = wrapper.application; includeInIndex = 0; path = plex_music.app; sourceTree = BUILT_PRODUCTS_DIR; };
		A7F356DB2BD2E3C40078890A /* plex_music Watch App.app */ = {isa = PBXFileReference; explicitFileType = wrapper.application; includeInIndex = 0; path = "plex_music Watch App.app"; sourceTree = BUILT_PRODUCTS_DIR; };
		A7F356E02BD2E3C40078890A /* plex_musicApp.swift */ = {isa = PBXFileReference; lastKnownFileType = sourcecode.swift; path = plex_musicApp.swift; sourceTree = "<group>"; };
		A7F356E22BD2E3C40078890A /* ContentView.swift */ = {isa = PBXFileReference; lastKnownFileType = sourcecode.swift; path = ContentView.swift; sourceTree = "<group>"; };
		A7F356E42BD2E3C70078890A /* Assets.xcassets */ = {isa = PBXFileReference; lastKnownFileType = folder.assetcatalog; path = Assets.xcassets; sourceTree = "<group>"; };
		A7F356E72BD2E3C70078890A /* Preview Assets.xcassets */ = {isa = PBXFileReference; lastKnownFileType = folder.assetcatalog; path = "Preview Assets.xcassets"; sourceTree = "<group>"; };
		A7F356FC2BD2E6430078890A /* NetworkManager.swift */ = {isa = PBXFileReference; lastKnownFileType = sourcecode.swift; path = NetworkManager.swift; sourceTree = "<group>"; };
/* End PBXFileReference section */

/* Begin PBXFrameworksBuildPhase section */
		A7F356D82BD2E3C40078890A /* Frameworks */ = {
			isa = PBXFrameworksBuildPhase;
			buildActionMask = 2147483647;
			files = (
			);
			runOnlyForDeploymentPostprocessing = 0;
		};
/* End PBXFrameworksBuildPhase section */

/* Begin PBXGroup section */
		A7D62DFB2BE01E9E00A1117A /* Models */ = {
			isa = PBXGroup;
			children = (
				A7D62DFC2BE01EC100A1117A /* itemChildren.swift */,
				A7D62DFF2BE0222700A1117A /* itemMetadata.swift */,
				A7D62E012BE023CF00A1117A /* Metadata.swift */,
				A7D62E052BE029CC00A1117A /* Media.swift */,
			);
			path = Models;
			sourceTree = "<group>";
		};
		A7D62DFE2BE0210A00A1117A /* Managers */ = {
			isa = PBXGroup;
			children = (
				A7F356FC2BD2E6430078890A /* NetworkManager.swift */,
				A7D62E032BE028B000A1117A /* AudioManager.swift */,
			);
			path = Managers;
			sourceTree = "<group>";
		};
		A7F356CE2BD2E3C30078890A = {
			isa = PBXGroup;
			children = (
				A7F356DF2BD2E3C40078890A /* plex_music Watch App */,
				A7F356D62BD2E3C40078890A /* Products */,
			);
			sourceTree = "<group>";
		};
		A7F356D62BD2E3C40078890A /* Products */ = {
			isa = PBXGroup;
			children = (
				A7F356D52BD2E3C40078890A /* plex_music.app */,
				A7F356DB2BD2E3C40078890A /* plex_music Watch App.app */,
			);
			name = Products;
			sourceTree = "<group>";
		};
		A7F356DF2BD2E3C40078890A /* plex_music Watch App */ = {
			isa = PBXGroup;
			children = (
				A7D62DFE2BE0210A00A1117A /* Managers */,
				A7D62DFB2BE01E9E00A1117A /* Models */,
				A7D5184C2BD7ED7A006A782D /* plex-music-Watch-App-Info.plist */,
				A7F356E02BD2E3C40078890A /* plex_musicApp.swift */,
				A7F356E22BD2E3C40078890A /* ContentView.swift */,
				A71DE36C2BD2EC27009361A7 /* Models.swift */,
				A7F356E42BD2E3C70078890A /* Assets.xcassets */,
				A7F356E62BD2E3C70078890A /* Preview Content */,
				A71DE3702BD2F13D009361A7 /* XMLParser.swift */,
			);
			path = "plex_music Watch App";
			sourceTree = "<group>";
		};
		A7F356E62BD2E3C70078890A /* Preview Content */ = {
			isa = PBXGroup;
			children = (
				A7F356E72BD2E3C70078890A /* Preview Assets.xcassets */,
			);
			path = "Preview Content";
			sourceTree = "<group>";
		};
/* End PBXGroup section */

/* Begin PBXNativeTarget section */
		A7F356D42BD2E3C40078890A /* plex_music */ = {
			isa = PBXNativeTarget;
			buildConfigurationList = A7F356EF2BD2E3C70078890A /* Build configuration list for PBXNativeTarget "plex_music" */;
			buildPhases = (
				A7F356D32BD2E3C40078890A /* Resources */,
				A7F356EE2BD2E3C70078890A /* Embed Watch Content */,
			);
			buildRules = (
			);
			dependencies = (
				A7F356DE2BD2E3C40078890A /* PBXTargetDependency */,
			);
			name = plex_music;
			productName = plex_music;
			productReference = A7F356D52BD2E3C40078890A /* plex_music.app */;
			productType = "com.apple.product-type.application.watchapp2-container";
		};
		A7F356DA2BD2E3C40078890A /* plex_music Watch App */ = {
			isa = PBXNativeTarget;
			buildConfigurationList = A7F356EB2BD2E3C70078890A /* Build configuration list for PBXNativeTarget "plex_music Watch App" */;
			buildPhases = (
				A7F356D72BD2E3C40078890A /* Sources */,
				A7F356D82BD2E3C40078890A /* Frameworks */,
				A7F356D92BD2E3C40078890A /* Resources */,
			);
			buildRules = (
			);
			dependencies = (
			);
			name = "plex_music Watch App";
			productName = "plex_music Watch App";
			productReference = A7F356DB2BD2E3C40078890A /* plex_music Watch App.app */;
			productType = "com.apple.product-type.application";
		};
/* End PBXNativeTarget section */

/* Begin PBXProject section */
		A7F356CF2BD2E3C30078890A /* Project object */ = {
			isa = PBXProject;
			attributes = {
				BuildIndependentTargetsInParallel = 1;
				LastSwiftUpdateCheck = 1530;
				LastUpgradeCheck = 1530;
				TargetAttributes = {
					A7F356D42BD2E3C40078890A = {
						CreatedOnToolsVersion = 15.3;
					};
					A7F356DA2BD2E3C40078890A = {
						CreatedOnToolsVersion = 15.3;
					};
				};
			};
			buildConfigurationList = A7F356D22BD2E3C30078890A /* Build configuration list for PBXProject "plex_music" */;
			compatibilityVersion = "Xcode 14.0";
			developmentRegion = en;
			hasScannedForEncodings = 0;
			knownRegions = (
				en,
				Base,
			);
			mainGroup = A7F356CE2BD2E3C30078890A;
			productRefGroup = A7F356D62BD2E3C40078890A /* Products */;
			projectDirPath = "";
			projectRoot = "";
			targets = (
				A7F356D42BD2E3C40078890A /* plex_music */,
				A7F356DA2BD2E3C40078890A /* plex_music Watch App */,
			);
		};
/* End PBXProject section */

/* Begin PBXResourcesBuildPhase section */
		A7F356D32BD2E3C40078890A /* Resources */ = {
			isa = PBXResourcesBuildPhase;
			buildActionMask = 2147483647;
			files = (
			);
			runOnlyForDeploymentPostprocessing = 0;
		};
		A7F356D92BD2E3C40078890A /* Resources */ = {
			isa = PBXResourcesBuildPhase;
			buildActionMask = 2147483647;
			files = (
				A7F356E82BD2E3C70078890A /* Preview Assets.xcassets in Resources */,
				A7F356E52BD2E3C70078890A /* Assets.xcassets in Resources */,
			);
			runOnlyForDeploymentPostprocessing = 0;
		};
/* End PBXResourcesBuildPhase section */

/* Begin PBXSourcesBuildPhase section */
		A7F356D72BD2E3C40078890A /* Sources */ = {
			isa = PBXSourcesBuildPhase;
			buildActionMask = 2147483647;
			files = (
				A7D62E002BE0222700A1117A /* itemMetadata.swift in Sources */,
				A7F356FD2BD2E6430078890A /* NetworkManager.swift in Sources */,
				A7D62E022BE023CF00A1117A /* Metadata.swift in Sources */,
				A7F356E32BD2E3C40078890A /* ContentView.swift in Sources */,
				A7D62E062BE029CC00A1117A /* Media.swift in Sources */,
				A71DE36D2BD2EC27009361A7 /* Models.swift in Sources */,
				A7F356E12BD2E3C40078890A /* plex_musicApp.swift in Sources */,
				A7D62E042BE028B000A1117A /* AudioManager.swift in Sources */,
				A71DE3712BD2F13D009361A7 /* XMLParser.swift in Sources */,
				A7D62DFD2BE01EC100A1117A /* itemChildren.swift in Sources */,
			);
			runOnlyForDeploymentPostprocessing = 0;
		};
/* End PBXSourcesBuildPhase section */

/* Begin PBXTargetDependency section */
		A7F356DE2BD2E3C40078890A /* PBXTargetDependency */ = {
			isa = PBXTargetDependency;
			target = A7F356DA2BD2E3C40078890A /* plex_music Watch App */;
			targetProxy = A7F356DD2BD2E3C40078890A /* PBXContainerItemProxy */;
		};
/* End PBXTargetDependency section */

/* Begin XCBuildConfiguration section */
		A7F356E92BD2E3C70078890A /* Debug */ = {
			isa = XCBuildConfiguration;
			buildSettings = {
				ALWAYS_SEARCH_USER_PATHS = NO;
				ASSETCATALOG_COMPILER_GENERATE_SWIFT_ASSET_SYMBOL_EXTENSIONS = YES;
				CLANG_ANALYZER_NONNULL = YES;
				CLANG_ANALYZER_NUMBER_OBJECT_CONVERSION = YES_AGGRESSIVE;
				CLANG_CXX_LANGUAGE_STANDARD = "gnu++20";
				CLANG_ENABLE_MODULES = YES;
				CLANG_ENABLE_OBJC_ARC = YES;
				CLANG_ENABLE_OBJC_WEAK = YES;
				CLANG_WARN_BLOCK_CAPTURE_AUTORELEASING = YES;
				CLANG_WARN_BOOL_CONVERSION = YES;
				CLANG_WARN_COMMA = YES;
				CLANG_WARN_CONSTANT_CONVERSION = YES;
				CLANG_WARN_DEPRECATED_OBJC_IMPLEMENTATIONS = YES;
				CLANG_WARN_DIRECT_OBJC_ISA_USAGE = YES_ERROR;
				CLANG_WARN_DOCUMENTATION_COMMENTS = YES;
				CLANG_WARN_EMPTY_BODY = YES;
				CLANG_WARN_ENUM_CONVERSION = YES;
				CLANG_WARN_INFINITE_RECURSION = YES;
				CLANG_WARN_INT_CONVERSION = YES;
				CLANG_WARN_NON_LITERAL_NULL_CONVERSION = YES;
				CLANG_WARN_OBJC_IMPLICIT_RETAIN_SELF = YES;
				CLANG_WARN_OBJC_LITERAL_CONVERSION = YES;
				CLANG_WARN_OBJC_ROOT_CLASS = YES_ERROR;
				CLANG_WARN_QUOTED_INCLUDE_IN_FRAMEWORK_HEADER = YES;
				CLANG_WARN_RANGE_LOOP_ANALYSIS = YES;
				CLANG_WARN_STRICT_PROTOTYPES = YES;
				CLANG_WARN_SUSPICIOUS_MOVE = YES;
				CLANG_WARN_UNGUARDED_AVAILABILITY = YES_AGGRESSIVE;
				CLANG_WARN_UNREACHABLE_CODE = YES;
				CLANG_WARN__DUPLICATE_METHOD_MATCH = YES;
				COPY_PHASE_STRIP = NO;
				DEBUG_INFORMATION_FORMAT = dwarf;
				ENABLE_STRICT_OBJC_MSGSEND = YES;
				ENABLE_TESTABILITY = YES;
				ENABLE_USER_SCRIPT_SANDBOXING = YES;
				GCC_C_LANGUAGE_STANDARD = gnu17;
				GCC_DYNAMIC_NO_PIC = NO;
				GCC_NO_COMMON_BLOCKS = YES;
				GCC_OPTIMIZATION_LEVEL = 0;
				GCC_PREPROCESSOR_DEFINITIONS = (
					"DEBUG=1",
					"$(inherited)",
				);
				GCC_WARN_64_TO_32_BIT_CONVERSION = YES;
				GCC_WARN_ABOUT_RETURN_TYPE = YES_ERROR;
				GCC_WARN_UNDECLARED_SELECTOR = YES;
				GCC_WARN_UNINITIALIZED_AUTOS = YES_AGGRESSIVE;
				GCC_WARN_UNUSED_FUNCTION = YES;
				GCC_WARN_UNUSED_VARIABLE = YES;
				LOCALIZATION_PREFERS_STRING_CATALOGS = YES;
				MTL_ENABLE_DEBUG_INFO = INCLUDE_SOURCE;
				MTL_FAST_MATH = YES;
				ONLY_ACTIVE_ARCH = YES;
				SWIFT_ACTIVE_COMPILATION_CONDITIONS = "DEBUG $(inherited)";
				SWIFT_OPTIMIZATION_LEVEL = "-Onone";
			};
			name = Debug;
		};
		A7F356EA2BD2E3C70078890A /* Release */ = {
			isa = XCBuildConfiguration;
			buildSettings = {
				ALWAYS_SEARCH_USER_PATHS = NO;
				ASSETCATALOG_COMPILER_GENERATE_SWIFT_ASSET_SYMBOL_EXTENSIONS = YES;
				CLANG_ANALYZER_NONNULL = YES;
				CLANG_ANALYZER_NUMBER_OBJECT_CONVERSION = YES_AGGRESSIVE;
				CLANG_CXX_LANGUAGE_STANDARD = "gnu++20";
				CLANG_ENABLE_MODULES = YES;
				CLANG_ENABLE_OBJC_ARC = YES;
				CLANG_ENABLE_OBJC_WEAK = YES;
				CLANG_WARN_BLOCK_CAPTURE_AUTORELEASING = YES;
				CLANG_WARN_BOOL_CONVERSION = YES;
				CLANG_WARN_COMMA = YES;
				CLANG_WARN_CONSTANT_CONVERSION = YES;
				CLANG_WARN_DEPRECATED_OBJC_IMPLEMENTATIONS = YES;
				CLANG_WARN_DIRECT_OBJC_ISA_USAGE = YES_ERROR;
				CLANG_WARN_DOCUMENTATION_COMMENTS = YES;
				CLANG_WARN_EMPTY_BODY = YES;
				CLANG_WARN_ENUM_CONVERSION = YES;
				CLANG_WARN_INFINITE_RECURSION = YES;
				CLANG_WARN_INT_CONVERSION = YES;
				CLANG_WARN_NON_LITERAL_NULL_CONVERSION = YES;
				CLANG_WARN_OBJC_IMPLICIT_RETAIN_SELF = YES;
				CLANG_WARN_OBJC_LITERAL_CONVERSION = YES;
				CLANG_WARN_OBJC_ROOT_CLASS = YES_ERROR;
				CLANG_WARN_QUOTED_INCLUDE_IN_FRAMEWORK_HEADER = YES;
				CLANG_WARN_RANGE_LOOP_ANALYSIS = YES;
				CLANG_WARN_STRICT_PROTOTYPES = YES;
				CLANG_WARN_SUSPICIOUS_MOVE = YES;
				CLANG_WARN_UNGUARDED_AVAILABILITY = YES_AGGRESSIVE;
				CLANG_WARN_UNREACHABLE_CODE = YES;
				CLANG_WARN__DUPLICATE_METHOD_MATCH = YES;
				COPY_PHASE_STRIP = NO;
				DEBUG_INFORMATION_FORMAT = "dwarf-with-dsym";
				ENABLE_NS_ASSERTIONS = NO;
				ENABLE_STRICT_OBJC_MSGSEND = YES;
				ENABLE_USER_SCRIPT_SANDBOXING = YES;
				GCC_C_LANGUAGE_STANDARD = gnu17;
				GCC_NO_COMMON_BLOCKS = YES;
				GCC_WARN_64_TO_32_BIT_CONVERSION = YES;
				GCC_WARN_ABOUT_RETURN_TYPE = YES_ERROR;
				GCC_WARN_UNDECLARED_SELECTOR = YES;
				GCC_WARN_UNINITIALIZED_AUTOS = YES_AGGRESSIVE;
				GCC_WARN_UNUSED_FUNCTION = YES;
				GCC_WARN_UNUSED_VARIABLE = YES;
				LOCALIZATION_PREFERS_STRING_CATALOGS = YES;
				MTL_ENABLE_DEBUG_INFO = NO;
				MTL_FAST_MATH = YES;
				SWIFT_COMPILATION_MODE = wholemodule;
			};
			name = Release;
		};
		A7F356EC2BD2E3C70078890A /* Debug */ = {
			isa = XCBuildConfiguration;
			buildSettings = {
				ASSETCATALOG_COMPILER_APPICON_NAME = AppIcon;
				ASSETCATALOG_COMPILER_GLOBAL_ACCENT_COLOR_NAME = AccentColor;
				CODE_SIGN_STYLE = Automatic;
				CURRENT_PROJECT_VERSION = 1;
				DEVELOPMENT_ASSET_PATHS = "\"plex_music Watch App/Preview Content\"";
				DEVELOPMENT_TEAM = ZHB786H6YN;
				ENABLE_PREVIEWS = YES;
				GENERATE_INFOPLIST_FILE = YES;
				INFOPLIST_FILE = "plex-music-Watch-App-Info.plist";
				INFOPLIST_KEY_CFBundleDisplayName = plex_music;
				INFOPLIST_KEY_UISupportedInterfaceOrientations = "UIInterfaceOrientationPortrait UIInterfaceOrientationPortraitUpsideDown";
				INFOPLIST_KEY_WKWatchOnly = YES;
				LD_RUNPATH_SEARCH_PATHS = (
					"$(inherited)",
					"@executable_path/Frameworks",
				);
				MARKETING_VERSION = 1.0;
				PRODUCT_BUNDLE_IDENTIFIER = "com.bgurley.plex-music.watchkitapp";
				PRODUCT_NAME = "$(TARGET_NAME)";
				SDKROOT = watchos;
				SKIP_INSTALL = YES;
				SWIFT_EMIT_LOC_STRINGS = YES;
				SWIFT_VERSION = 5.0;
				TARGETED_DEVICE_FAMILY = 4;
				WATCHOS_DEPLOYMENT_TARGET = 9.0;
			};
			name = Debug;
		};
		A7F356ED2BD2E3C70078890A /* Release */ = {
			isa = XCBuildConfiguration;
			buildSettings = {
				ASSETCATALOG_COMPILER_APPICON_NAME = AppIcon;
				ASSETCATALOG_COMPILER_GLOBAL_ACCENT_COLOR_NAME = AccentColor;
				CODE_SIGN_STYLE = Automatic;
				CURRENT_PROJECT_VERSION = 1;
				DEVELOPMENT_ASSET_PATHS = "\"plex_music Watch App/Preview Content\"";
				DEVELOPMENT_TEAM = ZHB786H6YN;
				ENABLE_PREVIEWS = YES;
				GENERATE_INFOPLIST_FILE = YES;
				INFOPLIST_FILE = "plex-music-Watch-App-Info.plist";
				INFOPLIST_KEY_CFBundleDisplayName = plex_music;
				INFOPLIST_KEY_UISupportedInterfaceOrientations = "UIInterfaceOrientationPortrait UIInterfaceOrientationPortraitUpsideDown";
				INFOPLIST_KEY_WKWatchOnly = YES;
				LD_RUNPATH_SEARCH_PATHS = (
					"$(inherited)",
					"@executable_path/Frameworks",
				);
				MARKETING_VERSION = 1.0;
				PRODUCT_BUNDLE_IDENTIFIER = "com.bgurley.plex-music.watchkitapp";
				PRODUCT_NAME = "$(TARGET_NAME)";
				SDKROOT = watchos;
				SKIP_INSTALL = YES;
				SWIFT_EMIT_LOC_STRINGS = YES;
				SWIFT_VERSION = 5.0;
				TARGETED_DEVICE_FAMILY = 4;
				VALIDATE_PRODUCT = YES;
				WATCHOS_DEPLOYMENT_TARGET = 9.0;
			};
			name = Release;
		};
		A7F356F02BD2E3C70078890A /* Debug */ = {
			isa = XCBuildConfiguration;
			buildSettings = {
				ALWAYS_EMBED_SWIFT_STANDARD_LIBRARIES = YES;
				CODE_SIGN_STYLE = Automatic;
				CURRENT_PROJECT_VERSION = 1;
				DEVELOPMENT_TEAM = ZHB786H6YN;
				INFOPLIST_KEY_CFBundleDisplayName = plex_music;
				MARKETING_VERSION = 1.0;
				PRODUCT_BUNDLE_IDENTIFIER = "com.bgurley.plex-music";
				PRODUCT_NAME = "$(TARGET_NAME)";
				SDKROOT = iphoneos;
				SWIFT_VERSION = 5.0;
			};
			name = Debug;
		};
		A7F356F12BD2E3C70078890A /* Release */ = {
			isa = XCBuildConfiguration;
			buildSettings = {
				ALWAYS_EMBED_SWIFT_STANDARD_LIBRARIES = YES;
				CODE_SIGN_STYLE = Automatic;
				CURRENT_PROJECT_VERSION = 1;
				DEVELOPMENT_TEAM = ZHB786H6YN;
				INFOPLIST_KEY_CFBundleDisplayName = plex_music;
				MARKETING_VERSION = 1.0;
				PRODUCT_BUNDLE_IDENTIFIER = "com.bgurley.plex-music";
				PRODUCT_NAME = "$(TARGET_NAME)";
				SDKROOT = iphoneos;
				SWIFT_VERSION = 5.0;
				VALIDATE_PRODUCT = YES;
			};
			name = Release;
		};
/* End XCBuildConfiguration section */

/* Begin XCConfigurationList section */
		A7F356D22BD2E3C30078890A /* Build configuration list for PBXProject "plex_music" */ = {
			isa = XCConfigurationList;
			buildConfigurations = (
				A7F356E92BD2E3C70078890A /* Debug */,
				A7F356EA2BD2E3C70078890A /* Release */,
			);
			defaultConfigurationIsVisible = 0;
			defaultConfigurationName = Release;
		};
		A7F356EB2BD2E3C70078890A /* Build configuration list for PBXNativeTarget "plex_music Watch App" */ = {
			isa = XCConfigurationList;
			buildConfigurations = (
				A7F356EC2BD2E3C70078890A /* Debug */,
				A7F356ED2BD2E3C70078890A /* Release */,
			);
			defaultConfigurationIsVisible = 0;
			defaultConfigurationName = Release;
		};
		A7F356EF2BD2E3C70078890A /* Build configuration list for PBXNativeTarget "plex_music" */ = {
			isa = XCConfigurationList;
			buildConfigurations = (
				A7F356F02BD2E3C70078890A /* Debug */,
				A7F356F12BD2E3C70078890A /* Release */,
			);
			defaultConfigurationIsVisible = 0;
			defaultConfigurationName = Release;
		};
/* End XCConfigurationList section */
	};
	rootObject = A7F356CF2BD2E3C30078890A /* Project object */;
}
